
Microsoft Visual Studio Solution File, Format Version 12.00
# Visual Studio Version 16
VisualStudioVersion = 16.0.30503.244
MinimumVisualStudioVersion = 10.0.40219.1
Project("{9A19103F-16F7-4668-BE54-9A1E7A4F7556}") = "CalculatorLib", "CalculatorLib\CalculatorLib.csproj", "{852F040B-EDD3-4894-B37A-9350F5C27F52}"
EndProject
Project("{FAE04EC0-301F-11D3-BF4B-00C04F79EFBC}") = "CalculatorLibTester", "CalculatorLibTester\CalculatorLibTester.csproj", "{935575CF-821E-4BCC-B357-814353900F59}"
EndProject
Global
	GlobalSection(SolutionConfigurationPlatforms) = preSolution
		Debug|Any CPU = Debug|Any CPU
		Release|Any CPU = Release|Any CPU
	EndGlobalSection
	GlobalSection(ProjectConfigurationPlatforms) = postSolution
		{852F040B-EDD3-4894-B37A-9350F5C27F52}.Debug|Any CPU.ActiveCfg = Debug|Any CPU
		{852F040B-EDD3-4894-B37A-9350F5C27F52}.Debug|Any CPU.Build.0 = Debug|Any CPU
		{852F040B-EDD3-4894-B37A-9350F5C27F52}.Release|Any CPU.ActiveCfg = Release|Any CPU
		{852F040B-EDD3-4894-B37A-9350F5C27F52}.Release|Any CPU.Build.0 = Release|Any CPU
		{935575CF-821E-4BCC-B357-814353900F59}.Debug|Any CPU.ActiveCfg = Debug|Any CPU
		{935575CF-821E-4BCC-B357-814353900F59}.Debug|Any CPU.Build.0 = Debug|Any CPU
		{935575CF-821E-4BCC-B357-814353900F59}.Release|Any CPU.ActiveCfg = Release|Any CPU
		{935575CF-821E-4BCC-B357-814353900F59}.Release|Any CPU.Build.0 = Release|Any CPU
	EndGlobalSection
	GlobalSection(SolutionProperties) = preSolution
		HideSolutionNode = FALSE
	EndGlobalSection
	GlobalSection(ExtensibilityGlobals) = postSolution
		SolutionGuid = {11A093D0-58AA-412A-AAB3-46C079F8325C}
	EndGlobalSection
EndGlobal
